
Microsoft Visual Studio Solution File, Format Version 12.00
# Visual Studio Version 17
VisualStudioVersion = 17.13.35806.99 d17.13
MinimumVisualStudioVersion = 10.0.40219.1
Project("{FAE04EC0-301F-11D3-BF4B-00C04F79EFBC}") = "SORAPC-API", "SORAPC-API\SORAPC-API.csproj", "{8E39066D-E937-4E54-B876-A7A421D4A36D}"
EndProject
Global
	GlobalSection(SolutionConfigurationPlatforms) = preSolution
		Debug|Any CPU = Debug|Any CPU
		Release|Any CPU = Release|Any CPU
	EndGlobalSection
	GlobalSection(ProjectConfigurationPlatforms) = postSolution
		{8E39066D-E937-4E54-B876-A7A421D4A36D}.Debug|Any CPU.ActiveCfg = Debug|Any CPU
		{8E39066D-E937-4E54-B876-A7A421D4A36D}.Debug|Any CPU.Build.0 = Debug|Any CPU
		{8E39066D-E937-4E54-B876-A7A421D4A36D}.Release|Any CPU.ActiveCfg = Release|Any CPU
		{8E39066D-E937-4E54-B876-A7A421D4A36D}.Release|Any CPU.Build.0 = Release|Any CPU
	EndGlobalSection
	GlobalSection(SolutionProperties) = preSolution
		HideSolutionNode = FALSE
	EndGlobalSection
	GlobalSection(ExtensibilityGlobals) = postSolution
		SolutionGuid = {DF76F138-A137-4429-ACDD-44B5E6F7762E}
	EndGlobalSection
EndGlobal
